
Microsoft Visual Studio Solution File, Format Version 12.00
# Visual Studio 15
VisualStudioVersion = 15.0.28307.1321
MinimumVisualStudioVersion = 10.0.40219.1
Project("{FAE04EC0-301F-11D3-BF4B-00C04F79EFBC}") = "InactivityLogger", "InactivityLogger\InactivityLogger.csproj", "{C4CF7CB7-5366-42C9-AC94-018BC3A9CFEA}"
EndProject
Global
	GlobalSection(SolutionConfigurationPlatforms) = preSolution
		Debug|Any CPU = Debug|Any CPU
		Release|Any CPU = Release|Any CPU
	EndGlobalSection
	GlobalSection(ProjectConfigurationPlatforms) = postSolution
		{C4CF7CB7-5366-42C9-AC94-018BC3A9CFEA}.Debug|Any CPU.ActiveCfg = Debug|Any CPU
		{C4CF7CB7-5366-42C9-AC94-018BC3A9CFEA}.Debug|Any CPU.Build.0 = Debug|Any CPU
		{C4CF7CB7-5366-42C9-AC94-018BC3A9CFEA}.Release|Any CPU.ActiveCfg = Release|Any CPU
		{C4CF7CB7-5366-42C9-AC94-018BC3A9CFEA}.Release|Any CPU.Build.0 = Release|Any CPU
	EndGlobalSection
	GlobalSection(SolutionProperties) = preSolution
		HideSolutionNode = FALSE
	EndGlobalSection
	GlobalSection(ExtensibilityGlobals) = postSolution
		SolutionGuid = {3204F7B3-E832-4E04-AA25-F5BD8489E74A}
	EndGlobalSection
EndGlobal
